// !$*UTF8*$!
{
	archiveVersion = 1;
	classes = {
	};
	objectVersion = 46;
	objects = {

/* Begin PBXBuildFile section */
		1A3DC6BC1C5A9C2200809421 /* NSString+Utilities.m in Sources */ = {isa = PBXBuildFile; fileRef = 1A3DC6BB1C5A9C2200809421 /* NSString+Utilities.m */; };
		1A3DC6BE1C5ACB2100809421 /* ContactTest.m in Sources */ = {isa = PBXBuildFile; fileRef = 1A3DC6BD1C5ACB2100809421 /* ContactTest.m */; };
		1A3DC6C01C5AD07800809421 /* LocationTest.m in Sources */ = {isa = PBXBuildFile; fileRef = 1A3DC6BF1C5AD07800809421 /* LocationTest.m */; };
		1AE998621C590E1500BA7FB1 /* main.m in Sources */ = {isa = PBXBuildFile; fileRef = 1AE998611C590E1500BA7FB1 /* main.m */; };
		1AE998651C590E1500BA7FB1 /* AppDelegate.m in Sources */ = {isa = PBXBuildFile; fileRef = 1AE998641C590E1500BA7FB1 /* AppDelegate.m */; };
		1AE9986B1C590E1500BA7FB1 /* Main.storyboard in Resources */ = {isa = PBXBuildFile; fileRef = 1AE998691C590E1500BA7FB1 /* Main.storyboard */; };
		1AE9986D1C590E1500BA7FB1 /* Assets.xcassets in Resources */ = {isa = PBXBuildFile; fileRef = 1AE9986C1C590E1500BA7FB1 /* Assets.xcassets */; };
		1AE998701C590E1500BA7FB1 /* LaunchScreen.storyboard in Resources */ = {isa = PBXBuildFile; fileRef = 1AE9986E1C590E1500BA7FB1 /* LaunchScreen.storyboard */; };
		1AE9987B1C590E1500BA7FB1 /* RestaurantTest.m in Sources */ = {isa = PBXBuildFile; fileRef = 1AE9987A1C590E1500BA7FB1 /* RestaurantTest.m */; };
		1AE998861C590E1500BA7FB1 /* RestaurantsUITests.m in Sources */ = {isa = PBXBuildFile; fileRef = 1AE998851C590E1500BA7FB1 /* RestaurantsUITests.m */; };
		1AE9989A1C59144200BA7FB1 /* Restaurant.m in Sources */ = {isa = PBXBuildFile; fileRef = 1AE998991C59144200BA7FB1 /* Restaurant.m */; };
		1AE9989D1C59181400BA7FB1 /* Contact.m in Sources */ = {isa = PBXBuildFile; fileRef = 1AE9989C1C59181400BA7FB1 /* Contact.m */; };
		1AE998A11C591A1900BA7FB1 /* NetworkOperation.m in Sources */ = {isa = PBXBuildFile; fileRef = 1AE998A01C591A1900BA7FB1 /* NetworkOperation.m */; };
		1AE998A51C5921E600BA7FB1 /* ConcurrentOperation.m in Sources */ = {isa = PBXBuildFile; fileRef = 1AE998A41C5921E600BA7FB1 /* ConcurrentOperation.m */; };
		1AE998A81C592D4900BA7FB1 /* LoadEntityOperation.m in Sources */ = {isa = PBXBuildFile; fileRef = 1AE998A71C592D4900BA7FB1 /* LoadEntityOperation.m */; };
		1AE998AF1C593AD700BA7FB1 /* NSNull+Utilities.m in Sources */ = {isa = PBXBuildFile; fileRef = 1AE998AE1C593AD700BA7FB1 /* NSNull+Utilities.m */; };
		1AE998B31C593BA300BA7FB1 /* LoadRestaurantsOperation.m in Sources */ = {isa = PBXBuildFile; fileRef = 1AE998B21C593BA300BA7FB1 /* LoadRestaurantsOperation.m */; };
		1AE998B61C594A0400BA7FB1 /* RestaurantsViewController.m in Sources */ = {isa = PBXBuildFile; fileRef = 1AE998B51C594A0400BA7FB1 /* RestaurantsViewController.m */; };
		1AE998BA1C594A5F00BA7FB1 /* RestaurantCell.m in Sources */ = {isa = PBXBuildFile; fileRef = 1AE998B91C594A5F00BA7FB1 /* RestaurantCell.m */; };
		1AE998BE1C59592700BA7FB1 /* LoadImageOperation.m in Sources */ = {isa = PBXBuildFile; fileRef = 1AE998BD1C59592700BA7FB1 /* LoadImageOperation.m */; };
		1AE998C31C595B4800BA7FB1 /* ImageSource.m in Sources */ = {isa = PBXBuildFile; fileRef = 1AE998C21C595B4800BA7FB1 /* ImageSource.m */; };
		208B27771C596FEC0014A45B /* Location.m in Sources */ = {isa = PBXBuildFile; fileRef = 208B27761C596FEC0014A45B /* Location.m */; };
		208B277A1C5977DE0014A45B /* RestaurantDetailsViewController.m in Sources */ = {isa = PBXBuildFile; fileRef = 208B27791C5977DE0014A45B /* RestaurantDetailsViewController.m */; };
		208B277F1C5979830014A45B /* RestaurantsMapViewController.m in Sources */ = {isa = PBXBuildFile; fileRef = 208B277E1C5979830014A45B /* RestaurantsMapViewController.m */; };
		208B278B1C59821D0014A45B /* WebBrowserViewController.m in Sources */ = {isa = PBXBuildFile; fileRef = 208B278A1C59821D0014A45B /* WebBrowserViewController.m */; };
		208B278E1C598E9F0014A45B /* ProgressNavigationBar.m in Sources */ = {isa = PBXBuildFile; fileRef = 208B278D1C598E9F0014A45B /* ProgressNavigationBar.m */; };
		208B27921C5995660014A45B /* ActivityIndicator.m in Sources */ = {isa = PBXBuildFile; fileRef = 208B27911C5995660014A45B /* ActivityIndicator.m */; };
/* End PBXBuildFile section */

/* Begin PBXContainerItemProxy section */
		1AE998771C590E1500BA7FB1 /* PBXContainerItemProxy */ = {
			isa = PBXContainerItemProxy;
			containerPortal = 1AE998551C590E1500BA7FB1 /* Project object */;
			proxyType = 1;
			remoteGlobalIDString = 1AE9985C1C590E1500BA7FB1;
			remoteInfo = Restaurants;
		};
		1AE998821C590E1500BA7FB1 /* PBXContainerItemProxy */ = {
			isa = PBXContainerItemProxy;
			containerPortal = 1AE998551C590E1500BA7FB1 /* Project object */;
			proxyType = 1;
			remoteGlobalIDString = 1AE9985C1C590E1500BA7FB1;
			remoteInfo = Restaurants;
		};
/* End PBXContainerItemProxy section */

/* Begin PBXFileReference section */
		1A3DC6BA1C5A9C2200809421 /* NSString+Utilities.h */ = {isa = PBXFileReference; fileEncoding = 4; lastKnownFileType = sourcecode.c.h; path = "NSString+Utilities.h"; sourceTree = "<group>"; };
		1A3DC6BB1C5A9C2200809421 /* NSString+Utilities.m */ = {isa = PBXFileReference; fileEncoding = 4; lastKnownFileType = sourcecode.c.objc; path = "NSString+Utilities.m"; sourceTree = "<group>"; };
		1A3DC6BD1C5ACB2100809421 /* ContactTest.m */ = {isa = PBXFileReference; fileEncoding = 4; lastKnownFileType = sourcecode.c.objc; path = ContactTest.m; sourceTree = "<group>"; };
		1A3DC6BF1C5AD07800809421 /* LocationTest.m */ = {isa = PBXFileReference; fileEncoding = 4; lastKnownFileType = sourcecode.c.objc; path = LocationTest.m; sourceTree = "<group>"; };
		1AE9985D1C590E1500BA7FB1 /* Restaurants.app */ = {isa = PBXFileReference; explicitFileType = wrapper.application; includeInIndex = 0; path = Restaurants.app; sourceTree = BUILT_PRODUCTS_DIR; };
		1AE998611C590E1500BA7FB1 /* main.m */ = {isa = PBXFileReference; lastKnownFileType = sourcecode.c.objc; path = main.m; sourceTree = "<group>"; };
		1AE998631C590E1500BA7FB1 /* AppDelegate.h */ = {isa = PBXFileReference; lastKnownFileType = sourcecode.c.h; path = AppDelegate.h; sourceTree = "<group>"; };
		1AE998641C590E1500BA7FB1 /* AppDelegate.m */ = {isa = PBXFileReference; lastKnownFileType = sourcecode.c.objc; path = AppDelegate.m; sourceTree = "<group>"; };
		1AE9986A1C590E1500BA7FB1 /* Base */ = {isa = PBXFileReference; lastKnownFileType = file.storyboard; name = Base; path = Base.lproj/Main.storyboard; sourceTree = "<group>"; };
		1AE9986C1C590E1500BA7FB1 /* Assets.xcassets */ = {isa = PBXFileReference; lastKnownFileType = folder.assetcatalog; path = Assets.xcassets; sourceTree = "<group>"; };
		1AE9986F1C590E1500BA7FB1 /* Base */ = {isa = PBXFileReference; lastKnownFileType = file.storyboard; name = Base; path = Base.lproj/LaunchScreen.storyboard; sourceTree = "<group>"; };
		1AE998711C590E1500BA7FB1 /* Info.plist */ = {isa = PBXFileReference; lastKnownFileType = text.plist.xml; path = Info.plist; sourceTree = "<group>"; };
		1AE998761C590E1500BA7FB1 /* RestaurantsTests.xctest */ = {isa = PBXFileReference; explicitFileType = wrapper.cfbundle; includeInIndex = 0; path = RestaurantsTests.xctest; sourceTree = BUILT_PRODUCTS_DIR; };
		1AE9987A1C590E1500BA7FB1 /* RestaurantTest.m */ = {isa = PBXFileReference; lastKnownFileType = sourcecode.c.objc; path = RestaurantTest.m; sourceTree = "<group>"; };
		1AE9987C1C590E1500BA7FB1 /* Info.plist */ = {isa = PBXFileReference; lastKnownFileType = text.plist.xml; path = Info.plist; sourceTree = "<group>"; };
		1AE998811C590E1500BA7FB1 /* RestaurantsUITests.xctest */ = {isa = PBXFileReference; explicitFileType = wrapper.cfbundle; includeInIndex = 0; path = RestaurantsUITests.xctest; sourceTree = BUILT_PRODUCTS_DIR; };
		1AE998851C590E1500BA7FB1 /* RestaurantsUITests.m */ = {isa = PBXFileReference; lastKnownFileType = sourcecode.c.objc; path = RestaurantsUITests.m; sourceTree = "<group>"; };
		1AE998871C590E1500BA7FB1 /* Info.plist */ = {isa = PBXFileReference; lastKnownFileType = text.plist.xml; path = Info.plist; sourceTree = "<group>"; };
		1AE998961C59137400BA7FB1 /* ParsableEntity.h */ = {isa = PBXFileReference; fileEncoding = 4; lastKnownFileType = sourcecode.c.h; path = ParsableEntity.h; sourceTree = "<group>"; };
		1AE998981C59144200BA7FB1 /* Restaurant.h */ = {isa = PBXFileReference; fileEncoding = 4; lastKnownFileType = sourcecode.c.h; path = Restaurant.h; sourceTree = "<group>"; };
		1AE998991C59144200BA7FB1 /* Restaurant.m */ = {isa = PBXFileReference; fileEncoding = 4; lastKnownFileType = sourcecode.c.objc; path = Restaurant.m; sourceTree = "<group>"; };
		1AE9989B1C59181400BA7FB1 /* Contact.h */ = {isa = PBXFileReference; fileEncoding = 4; lastKnownFileType = sourcecode.c.h; path = Contact.h; sourceTree = "<group>"; };
		1AE9989C1C59181400BA7FB1 /* Contact.m */ = {isa = PBXFileReference; fileEncoding = 4; lastKnownFileType = sourcecode.c.objc; path = Contact.m; sourceTree = "<group>"; };
		1AE9989F1C591A1900BA7FB1 /* NetworkOperation.h */ = {isa = PBXFileReference; fileEncoding = 4; lastKnownFileType = sourcecode.c.h; path = NetworkOperation.h; sourceTree = "<group>"; };
		1AE998A01C591A1900BA7FB1 /* NetworkOperation.m */ = {isa = PBXFileReference; fileEncoding = 4; lastKnownFileType = sourcecode.c.objc; path = NetworkOperation.m; sourceTree = "<group>"; };
		1AE998A31C5921E600BA7FB1 /* ConcurrentOperation.h */ = {isa = PBXFileReference; fileEncoding = 4; lastKnownFileType = sourcecode.c.h; path = ConcurrentOperation.h; sourceTree = "<group>"; };
		1AE998A41C5921E600BA7FB1 /* ConcurrentOperation.m */ = {isa = PBXFileReference; fileEncoding = 4; lastKnownFileType = sourcecode.c.objc; path = ConcurrentOperation.m; sourceTree = "<group>"; };
		1AE998A61C592D4900BA7FB1 /* LoadEntityOperation.h */ = {isa = PBXFileReference; fileEncoding = 4; lastKnownFileType = sourcecode.c.h; path = LoadEntityOperation.h; sourceTree = "<group>"; };
		1AE998A71C592D4900BA7FB1 /* LoadEntityOperation.m */ = {isa = PBXFileReference; fileEncoding = 4; lastKnownFileType = sourcecode.c.objc; path = LoadEntityOperation.m; sourceTree = "<group>"; };
		1AE998AD1C593AD700BA7FB1 /* NSNull+Utilities.h */ = {isa = PBXFileReference; fileEncoding = 4; lastKnownFileType = sourcecode.c.h; path = "NSNull+Utilities.h"; sourceTree = "<group>"; };
		1AE998AE1C593AD700BA7FB1 /* NSNull+Utilities.m */ = {isa = PBXFileReference; fileEncoding = 4; lastKnownFileType = sourcecode.c.objc; path = "NSNull+Utilities.m"; sourceTree = "<group>"; };
		1AE998B11C593BA300BA7FB1 /* LoadRestaurantsOperation.h */ = {isa = PBXFileReference; fileEncoding = 4; lastKnownFileType = sourcecode.c.h; path = LoadRestaurantsOperation.h; sourceTree = "<group>"; };
		1AE998B21C593BA300BA7FB1 /* LoadRestaurantsOperation.m */ = {isa = PBXFileReference; fileEncoding = 4; lastKnownFileType = sourcecode.c.objc; path = LoadRestaurantsOperation.m; sourceTree = "<group>"; };
		1AE998B41C594A0400BA7FB1 /* RestaurantsViewController.h */ = {isa = PBXFileReference; fileEncoding = 4; lastKnownFileType = sourcecode.c.h; path = RestaurantsViewController.h; sourceTree = "<group>"; };
		1AE998B51C594A0400BA7FB1 /* RestaurantsViewController.m */ = {isa = PBXFileReference; fileEncoding = 4; lastKnownFileType = sourcecode.c.objc; path = RestaurantsViewController.m; sourceTree = "<group>"; };
		1AE998B81C594A5F00BA7FB1 /* RestaurantCell.h */ = {isa = PBXFileReference; fileEncoding = 4; lastKnownFileType = sourcecode.c.h; path = RestaurantCell.h; sourceTree = "<group>"; };
		1AE998B91C594A5F00BA7FB1 /* RestaurantCell.m */ = {isa = PBXFileReference; fileEncoding = 4; lastKnownFileType = sourcecode.c.objc; path = RestaurantCell.m; sourceTree = "<group>"; };
		1AE998BC1C59592700BA7FB1 /* LoadImageOperation.h */ = {isa = PBXFileReference; fileEncoding = 4; lastKnownFileType = sourcecode.c.h; path = LoadImageOperation.h; sourceTree = "<group>"; };
		1AE998BD1C59592700BA7FB1 /* LoadImageOperation.m */ = {isa = PBXFileReference; fileEncoding = 4; lastKnownFileType = sourcecode.c.objc; path = LoadImageOperation.m; sourceTree = "<group>"; };
		1AE998C11C595B4800BA7FB1 /* ImageSource.h */ = {isa = PBXFileReference; fileEncoding = 4; lastKnownFileType = sourcecode.c.h; path = ImageSource.h; sourceTree = "<group>"; };
		1AE998C21C595B4800BA7FB1 /* ImageSource.m */ = {isa = PBXFileReference; fileEncoding = 4; lastKnownFileType = sourcecode.c.objc; path = ImageSource.m; sourceTree = "<group>"; };
		208B27751C596FEC0014A45B /* Location.h */ = {isa = PBXFileReference; fileEncoding = 4; lastKnownFileType = sourcecode.c.h; path = Location.h; sourceTree = "<group>"; };
		208B27761C596FEC0014A45B /* Location.m */ = {isa = PBXFileReference; fileEncoding = 4; lastKnownFileType = sourcecode.c.objc; path = Location.m; sourceTree = "<group>"; };
		208B27781C5977DE0014A45B /* RestaurantDetailsViewController.h */ = {isa = PBXFileReference; fileEncoding = 4; lastKnownFileType = sourcecode.c.h; path = RestaurantDetailsViewController.h; sourceTree = "<group>"; };
		208B27791C5977DE0014A45B /* RestaurantDetailsViewController.m */ = {isa = PBXFileReference; fileEncoding = 4; lastKnownFileType = sourcecode.c.objc; path = RestaurantDetailsViewController.m; sourceTree = "<group>"; };
		208B277D1C5979830014A45B /* RestaurantsMapViewController.h */ = {isa = PBXFileReference; fileEncoding = 4; lastKnownFileType = sourcecode.c.h; path = RestaurantsMapViewController.h; sourceTree = "<group>"; };
		208B277E1C5979830014A45B /* RestaurantsMapViewController.m */ = {isa = PBXFileReference; fileEncoding = 4; lastKnownFileType = sourcecode.c.objc; path = RestaurantsMapViewController.m; sourceTree = "<group>"; };
		208B27891C59821D0014A45B /* WebBrowserViewController.h */ = {isa = PBXFileReference; fileEncoding = 4; lastKnownFileType = sourcecode.c.h; path = WebBrowserViewController.h; sourceTree = "<group>"; };
		208B278A1C59821D0014A45B /* WebBrowserViewController.m */ = {isa = PBXFileReference; fileEncoding = 4; lastKnownFileType = sourcecode.c.objc; path = WebBrowserViewController.m; sourceTree = "<group>"; };
		208B278C1C598E9F0014A45B /* ProgressNavigationBar.h */ = {isa = PBXFileReference; fileEncoding = 4; lastKnownFileType = sourcecode.c.h; path = ProgressNavigationBar.h; sourceTree = "<group>"; };
		208B278D1C598E9F0014A45B /* ProgressNavigationBar.m */ = {isa = PBXFileReference; fileEncoding = 4; lastKnownFileType = sourcecode.c.objc; path = ProgressNavigationBar.m; sourceTree = "<group>"; };
		208B27901C5995660014A45B /* ActivityIndicator.h */ = {isa = PBXFileReference; fileEncoding = 4; lastKnownFileType = sourcecode.c.h; path = ActivityIndicator.h; sourceTree = "<group>"; };
		208B27911C5995660014A45B /* ActivityIndicator.m */ = {isa = PBXFileReference; fileEncoding = 4; lastKnownFileType = sourcecode.c.objc; path = ActivityIndicator.m; sourceTree = "<group>"; };
/* End PBXFileReference section */

/* Begin PBXFrameworksBuildPhase section */
		1AE9985A1C590E1500BA7FB1 /* Frameworks */ = {
			isa = PBXFrameworksBuildPhase;
			buildActionMask = 2147483647;
			files = (
			);
			runOnlyForDeploymentPostprocessing = 0;
		};
		1AE998731C590E1500BA7FB1 /* Frameworks */ = {
			isa = PBXFrameworksBuildPhase;
			buildActionMask = 2147483647;
			files = (
			);
			runOnlyForDeploymentPostprocessing = 0;
		};
		1AE9987E1C590E1500BA7FB1 /* Frameworks */ = {
			isa = PBXFrameworksBuildPhase;
			buildActionMask = 2147483647;
			files = (
			);
			runOnlyForDeploymentPostprocessing = 0;
		};
/* End PBXFrameworksBuildPhase section */

/* Begin PBXGroup section */
		1AE998541C590E1500BA7FB1 = {
			isa = PBXGroup;
			children = (
				1AE9985F1C590E1500BA7FB1 /* Restaurants */,
				1AE998791C590E1500BA7FB1 /* RestaurantsTests */,
				1AE998841C590E1500BA7FB1 /* RestaurantsUITests */,
				1AE9985E1C590E1500BA7FB1 /* Products */,
			);
			sourceTree = "<group>";
		};
		1AE9985E1C590E1500BA7FB1 /* Products */ = {
			isa = PBXGroup;
			children = (
				1AE9985D1C590E1500BA7FB1 /* Restaurants.app */,
				1AE998761C590E1500BA7FB1 /* RestaurantsTests.xctest */,
				1AE998811C590E1500BA7FB1 /* RestaurantsUITests.xctest */,
			);
			name = Products;
			sourceTree = "<group>";
		};
		1AE9985F1C590E1500BA7FB1 /* Restaurants */ = {
			isa = PBXGroup;
			children = (
				1AE998631C590E1500BA7FB1 /* AppDelegate.h */,
				1AE998641C590E1500BA7FB1 /* AppDelegate.m */,
				1AE998C01C595B1B00BA7FB1 /* Miscellaneous */,
				1AE998951C59130300BA7FB1 /* Model */,
				1AE998A21C5921BF00BA7FB1 /* Operations */,
				1AE998941C5912F100BA7FB1 /* Resources */,
				1AE998601C590E1500BA7FB1 /* Supporting Files */,
				1AE998931C5911FC00BA7FB1 /* Views and Controllers */,
			);
			path = Restaurants;
			sourceTree = "<group>";
		};
		1AE998601C590E1500BA7FB1 /* Supporting Files */ = {
			isa = PBXGroup;
			children = (
				1AE998611C590E1500BA7FB1 /* main.m */,
			);
			path = "Supporting Files";
			sourceTree = "<group>";
		};
		1AE998791C590E1500BA7FB1 /* RestaurantsTests */ = {
			isa = PBXGroup;
			children = (
				1AE9987C1C590E1500BA7FB1 /* Info.plist */,
				1AE9987A1C590E1500BA7FB1 /* RestaurantTest.m */,
				1A3DC6BF1C5AD07800809421 /* LocationTest.m */,
				1A3DC6BD1C5ACB2100809421 /* ContactTest.m */,
			);
			path = RestaurantsTests;
			sourceTree = "<group>";
		};
		1AE998841C590E1500BA7FB1 /* RestaurantsUITests */ = {
			isa = PBXGroup;
			children = (
				1AE998871C590E1500BA7FB1 /* Info.plist */,
				1AE998851C590E1500BA7FB1 /* RestaurantsUITests.m */,
			);
			path = RestaurantsUITests;
			sourceTree = "<group>";
		};
		1AE998931C5911FC00BA7FB1 /* Views and Controllers */ = {
			isa = PBXGroup;
			children = (
				208B277B1C59794F0014A45B /* ViewControllers */,
				208B278F1C598EA70014A45B /* Views */,
			);
			path = "Views and Controllers";
			sourceTree = "<group>";
		};
		1AE998941C5912F100BA7FB1 /* Resources */ = {
			isa = PBXGroup;
			children = (
				1AE9986C1C590E1500BA7FB1 /* Assets.xcassets */,
				1AE998711C590E1500BA7FB1 /* Info.plist */,
				1AE9986E1C590E1500BA7FB1 /* LaunchScreen.storyboard */,
				1AE998691C590E1500BA7FB1 /* Main.storyboard */,
			);
			path = Resources;
			sourceTree = "<group>";
		};
		1AE998951C59130300BA7FB1 /* Model */ = {
			isa = PBXGroup;
			children = (
				1AE9989B1C59181400BA7FB1 /* Contact.h */,
				1AE9989C1C59181400BA7FB1 /* Contact.m */,
				208B27751C596FEC0014A45B /* Location.h */,
				208B27761C596FEC0014A45B /* Location.m */,
				1AE998961C59137400BA7FB1 /* ParsableEntity.h */,
				1AE998981C59144200BA7FB1 /* Restaurant.h */,
				1AE998991C59144200BA7FB1 /* Restaurant.m */,
			);
			path = Model;
			sourceTree = "<group>";
		};
		1AE9989E1C5919F600BA7FB1 /* Network */ = {
			isa = PBXGroup;
			children = (
				1AE998B01C593B6300BA7FB1 /* Entities */,
				1AE998BB1C59590600BA7FB1 /* Generic */,
				1AE998BF1C59592B00BA7FB1 /* Image */,
			);
			path = Network;
			sourceTree = "<group>";
		};
		1AE998A21C5921BF00BA7FB1 /* Operations */ = {
			isa = PBXGroup;
			children = (
				1AE998A31C5921E600BA7FB1 /* ConcurrentOperation.h */,
				1AE998A41C5921E600BA7FB1 /* ConcurrentOperation.m */,
				1AE9989E1C5919F600BA7FB1 /* Network */,
			);
			path = Operations;
			sourceTree = "<group>";
		};
		1AE998A91C59399600BA7FB1 /* Categories */ = {
			isa = PBXGroup;
			children = (
				1AE998AD1C593AD700BA7FB1 /* NSNull+Utilities.h */,
				1AE998AE1C593AD700BA7FB1 /* NSNull+Utilities.m */,
				1A3DC6BA1C5A9C2200809421 /* NSString+Utilities.h */,
				1A3DC6BB1C5A9C2200809421 /* NSString+Utilities.m */,
			);
			path = Categories;
			sourceTree = "<group>";
		};
		1AE998B01C593B6300BA7FB1 /* Entities */ = {
			isa = PBXGroup;
			children = (
				1AE998A61C592D4900BA7FB1 /* LoadEntityOperation.h */,
				1AE998A71C592D4900BA7FB1 /* LoadEntityOperation.m */,
				1AE998B11C593BA300BA7FB1 /* LoadRestaurantsOperation.h */,
				1AE998B21C593BA300BA7FB1 /* LoadRestaurantsOperation.m */,
			);
			path = Entities;
			sourceTree = "<group>";
		};
		1AE998BB1C59590600BA7FB1 /* Generic */ = {
			isa = PBXGroup;
			children = (
				1AE9989F1C591A1900BA7FB1 /* NetworkOperation.h */,
				1AE998A01C591A1900BA7FB1 /* NetworkOperation.m */,
			);
			path = Generic;
			sourceTree = "<group>";
		};
		1AE998BF1C59592B00BA7FB1 /* Image */ = {
			isa = PBXGroup;
			children = (
				1AE998BC1C59592700BA7FB1 /* LoadImageOperation.h */,
				1AE998BD1C59592700BA7FB1 /* LoadImageOperation.m */,
			);
			path = Image;
			sourceTree = "<group>";
		};
		1AE998C01C595B1B00BA7FB1 /* Miscellaneous */ = {
			isa = PBXGroup;
			children = (
				1AE998A91C59399600BA7FB1 /* Categories */,
				208B27901C5995660014A45B /* ActivityIndicator.h */,
				208B27911C5995660014A45B /* ActivityIndicator.m */,
				1AE998C11C595B4800BA7FB1 /* ImageSource.h */,
				1AE998C21C595B4800BA7FB1 /* ImageSource.m */,
			);
			path = Miscellaneous;
			sourceTree = "<group>";
		};
		208B277B1C59794F0014A45B /* ViewControllers */ = {
			isa = PBXGroup;
			children = (
				208B27781C5977DE0014A45B /* RestaurantDetailsViewController.h */,
				208B27791C5977DE0014A45B /* RestaurantDetailsViewController.m */,
				208B277D1C5979830014A45B /* RestaurantsMapViewController.h */,
				208B277E1C5979830014A45B /* RestaurantsMapViewController.m */,
				1AE998B41C594A0400BA7FB1 /* RestaurantsViewController.h */,
				1AE998B51C594A0400BA7FB1 /* RestaurantsViewController.m */,
				208B27891C59821D0014A45B /* WebBrowserViewController.h */,
				208B278A1C59821D0014A45B /* WebBrowserViewController.m */,
			);
			path = ViewControllers;
			sourceTree = "<group>";
		};
		208B277C1C5979560014A45B /* Cells */ = {
			isa = PBXGroup;
			children = (
				1AE998B81C594A5F00BA7FB1 /* RestaurantCell.h */,
				1AE998B91C594A5F00BA7FB1 /* RestaurantCell.m */,
			);
			path = Cells;
			sourceTree = "<group>";
		};
		208B278F1C598EA70014A45B /* Views */ = {
			isa = PBXGroup;
			children = (
				208B277C1C5979560014A45B /* Cells */,
				208B278C1C598E9F0014A45B /* ProgressNavigationBar.h */,
				208B278D1C598E9F0014A45B /* ProgressNavigationBar.m */,
			);
			path = Views;
			sourceTree = "<group>";
		};
/* End PBXGroup section */

/* Begin PBXNativeTarget section */
		1AE9985C1C590E1500BA7FB1 /* Restaurants */ = {
			isa = PBXNativeTarget;
			buildConfigurationList = 1AE9988A1C590E1500BA7FB1 /* Build configuration list for PBXNativeTarget "Restaurants" */;
			buildPhases = (
				1AE998591C590E1500BA7FB1 /* Sources */,
				1AE9985A1C590E1500BA7FB1 /* Frameworks */,
				1AE9985B1C590E1500BA7FB1 /* Resources */,
			);
			buildRules = (
			);
			dependencies = (
			);
			name = Restaurants;
			productName = Restaurants;
			productReference = 1AE9985D1C590E1500BA7FB1 /* Restaurants.app */;
			productType = "com.apple.product-type.application";
		};
		1AE998751C590E1500BA7FB1 /* RestaurantsTests */ = {
			isa = PBXNativeTarget;
			buildConfigurationList = 1AE9988D1C590E1500BA7FB1 /* Build configuration list for PBXNativeTarget "RestaurantsTests" */;
			buildPhases = (
				1AE998721C590E1500BA7FB1 /* Sources */,
				1AE998731C590E1500BA7FB1 /* Frameworks */,
				1AE998741C590E1500BA7FB1 /* Resources */,
			);
			buildRules = (
			);
			dependencies = (
				1AE998781C590E1500BA7FB1 /* PBXTargetDependency */,
			);
			name = RestaurantsTests;
			productName = RestaurantsTests;
			productReference = 1AE998761C590E1500BA7FB1 /* RestaurantsTests.xctest */;
			productType = "com.apple.product-type.bundle.unit-test";
		};
		1AE998801C590E1500BA7FB1 /* RestaurantsUITests */ = {
			isa = PBXNativeTarget;
			buildConfigurationList = 1AE998901C590E1500BA7FB1 /* Build configuration list for PBXNativeTarget "RestaurantsUITests" */;
			buildPhases = (
				1AE9987D1C590E1500BA7FB1 /* Sources */,
				1AE9987E1C590E1500BA7FB1 /* Frameworks */,
				1AE9987F1C590E1500BA7FB1 /* Resources */,
			);
			buildRules = (
			);
			dependencies = (
				1AE998831C590E1500BA7FB1 /* PBXTargetDependency */,
			);
			name = RestaurantsUITests;
			productName = RestaurantsUITests;
			productReference = 1AE998811C590E1500BA7FB1 /* RestaurantsUITests.xctest */;
			productType = "com.apple.product-type.bundle.ui-testing";
		};
/* End PBXNativeTarget section */

/* Begin PBXProject section */
		1AE998551C590E1500BA7FB1 /* Project object */ = {
			isa = PBXProject;
			attributes = {
				LastUpgradeCheck = 0720;
				ORGANIZATIONNAME = "Emil Landron";
				TargetAttributes = {
					1AE9985C1C590E1500BA7FB1 = {
						CreatedOnToolsVersion = 7.2;
						SystemCapabilities = {
							com.apple.Maps.iOS = {
								enabled = 1;
							};
						};
					};
					1AE998751C590E1500BA7FB1 = {
						CreatedOnToolsVersion = 7.2;
						TestTargetID = 1AE9985C1C590E1500BA7FB1;
					};
					1AE998801C590E1500BA7FB1 = {
						CreatedOnToolsVersion = 7.2;
						TestTargetID = 1AE9985C1C590E1500BA7FB1;
					};
				};
			};
			buildConfigurationList = 1AE998581C590E1500BA7FB1 /* Build configuration list for PBXProject "Restaurants" */;
			compatibilityVersion = "Xcode 3.2";
			developmentRegion = English;
			hasScannedForEncodings = 0;
			knownRegions = (
				en,
				Base,
			);
			mainGroup = 1AE998541C590E1500BA7FB1;
			productRefGroup = 1AE9985E1C590E1500BA7FB1 /* Products */;
			projectDirPath = "";
			projectRoot = "";
			targets = (
				1AE9985C1C590E1500BA7FB1 /* Restaurants */,
				1AE998751C590E1500BA7FB1 /* RestaurantsTests */,
				1AE998801C590E1500BA7FB1 /* RestaurantsUITests */,
			);
		};
/* End PBXProject section */

/* Begin PBXResourcesBuildPhase section */
		1AE9985B1C590E1500BA7FB1 /* Resources */ = {
			isa = PBXResourcesBuildPhase;
			buildActionMask = 2147483647;
			files = (
				1AE998701C590E1500BA7FB1 /* LaunchScreen.storyboard in Resources */,
				1AE9986D1C590E1500BA7FB1 /* Assets.xcassets in Resources */,
				1AE9986B1C590E1500BA7FB1 /* Main.storyboard in Resources */,
			);
			runOnlyForDeploymentPostprocessing = 0;
		};
		1AE998741C590E1500BA7FB1 /* Resources */ = {
			isa = PBXResourcesBuildPhase;
			buildActionMask = 2147483647;
			files = (
			);
			runOnlyForDeploymentPostprocessing = 0;
		};
		1AE9987F1C590E1500BA7FB1 /* Resources */ = {
			isa = PBXResourcesBuildPhase;
			buildActionMask = 2147483647;
			files = (
			);
			runOnlyForDeploymentPostprocessing = 0;
		};
/* End PBXResourcesBuildPhase section */

/* Begin PBXSourcesBuildPhase section */
		1AE998591C590E1500BA7FB1 /* Sources */ = {
			isa = PBXSourcesBuildPhase;
			buildActionMask = 2147483647;
			files = (
				1AE998BA1C594A5F00BA7FB1 /* RestaurantCell.m in Sources */,
				1AE998AF1C593AD700BA7FB1 /* NSNull+Utilities.m in Sources */,
				208B277F1C5979830014A45B /* RestaurantsMapViewController.m in Sources */,
				1AE998A11C591A1900BA7FB1 /* NetworkOperation.m in Sources */,
				208B278E1C598E9F0014A45B /* ProgressNavigationBar.m in Sources */,
				208B277A1C5977DE0014A45B /* RestaurantDetailsViewController.m in Sources */,
				1A3DC6BC1C5A9C2200809421 /* NSString+Utilities.m in Sources */,
				1AE998BE1C59592700BA7FB1 /* LoadImageOperation.m in Sources */,
				1AE998A81C592D4900BA7FB1 /* LoadEntityOperation.m in Sources */,
				1AE998B61C594A0400BA7FB1 /* RestaurantsViewController.m in Sources */,
				1AE9989D1C59181400BA7FB1 /* Contact.m in Sources */,
				208B278B1C59821D0014A45B /* WebBrowserViewController.m in Sources */,
				1AE998A51C5921E600BA7FB1 /* ConcurrentOperation.m in Sources */,
				208B27771C596FEC0014A45B /* Location.m in Sources */,
				1AE998651C590E1500BA7FB1 /* AppDelegate.m in Sources */,
				208B27921C5995660014A45B /* ActivityIndicator.m in Sources */,
				1AE998B31C593BA300BA7FB1 /* LoadRestaurantsOperation.m in Sources */,
				1AE9989A1C59144200BA7FB1 /* Restaurant.m in Sources */,
				1AE998621C590E1500BA7FB1 /* main.m in Sources */,
				1AE998C31C595B4800BA7FB1 /* ImageSource.m in Sources */,
			);
			runOnlyForDeploymentPostprocessing = 0;
		};
		1AE998721C590E1500BA7FB1 /* Sources */ = {
			isa = PBXSourcesBuildPhase;
			buildActionMask = 2147483647;
			files = (
				1A3DC6BE1C5ACB2100809421 /* ContactTest.m in Sources */,
				1A3DC6C01C5AD07800809421 /* LocationTest.m in Sources */,
				1AE9987B1C590E1500BA7FB1 /* RestaurantTest.m in Sources */,
			);
			runOnlyForDeploymentPostprocessing = 0;
		};
		1AE9987D1C590E1500BA7FB1 /* Sources */ = {
			isa = PBXSourcesBuildPhase;
			buildActionMask = 2147483647;
			files = (
				1AE998861C590E1500BA7FB1 /* RestaurantsUITests.m in Sources */,
			);
			runOnlyForDeploymentPostprocessing = 0;
		};
/* End PBXSourcesBuildPhase section */

/* Begin PBXTargetDependency section */
		1AE998781C590E1500BA7FB1 /* PBXTargetDependency */ = {
			isa = PBXTargetDependency;
			target = 1AE9985C1C590E1500BA7FB1 /* Restaurants */;
			targetProxy = 1AE998771C590E1500BA7FB1 /* PBXContainerItemProxy */;
		};
		1AE998831C590E1500BA7FB1 /* PBXTargetDependency */ = {
			isa = PBXTargetDependency;
			target = 1AE9985C1C590E1500BA7FB1 /* Restaurants */;
			targetProxy = 1AE998821C590E1500BA7FB1 /* PBXContainerItemProxy */;
		};
/* End PBXTargetDependency section */

/* Begin PBXVariantGroup section */
		1AE998691C590E1500BA7FB1 /* Main.storyboard */ = {
			isa = PBXVariantGroup;
			children = (
				1AE9986A1C590E1500BA7FB1 /* Base */,
			);
			name = Main.storyboard;
			path = .;
			sourceTree = "<group>";
		};
		1AE9986E1C590E1500BA7FB1 /* LaunchScreen.storyboard */ = {
			isa = PBXVariantGroup;
			children = (
				1AE9986F1C590E1500BA7FB1 /* Base */,
			);
			name = LaunchScreen.storyboard;
			path = .;
			sourceTree = "<group>";
		};
/* End PBXVariantGroup section */

/* Begin XCBuildConfiguration section */
		1AE998881C590E1500BA7FB1 /* Debug */ = {
			isa = XCBuildConfiguration;
			buildSettings = {
				ALWAYS_SEARCH_USER_PATHS = NO;
				CLANG_CXX_LANGUAGE_STANDARD = "gnu++0x";
				CLANG_CXX_LIBRARY = "libc++";
				CLANG_ENABLE_MODULES = YES;
				CLANG_ENABLE_OBJC_ARC = YES;
				CLANG_WARN_BOOL_CONVERSION = YES;
				CLANG_WARN_CONSTANT_CONVERSION = YES;
				CLANG_WARN_DIRECT_OBJC_ISA_USAGE = YES_ERROR;
				CLANG_WARN_EMPTY_BODY = YES;
				CLANG_WARN_ENUM_CONVERSION = YES;
				CLANG_WARN_INT_CONVERSION = YES;
				CLANG_WARN_OBJC_ROOT_CLASS = YES_ERROR;
				CLANG_WARN_UNREACHABLE_CODE = YES;
				CLANG_WARN__DUPLICATE_METHOD_MATCH = YES;
				"CODE_SIGN_IDENTITY[sdk=iphoneos*]" = "iPhone Developer";
				COPY_PHASE_STRIP = NO;
				DEBUG_INFORMATION_FORMAT = dwarf;
				ENABLE_STRICT_OBJC_MSGSEND = YES;
				ENABLE_TESTABILITY = YES;
				GCC_C_LANGUAGE_STANDARD = gnu99;
				GCC_DYNAMIC_NO_PIC = NO;
				GCC_NO_COMMON_BLOCKS = YES;
				GCC_OPTIMIZATION_LEVEL = 0;
				GCC_PREPROCESSOR_DEFINITIONS = (
					"DEBUG=1",
					"$(inherited)",
				);
				GCC_WARN_64_TO_32_BIT_CONVERSION = YES;
				GCC_WARN_ABOUT_RETURN_TYPE = YES_ERROR;
				GCC_WARN_UNDECLARED_SELECTOR = YES;
				GCC_WARN_UNINITIALIZED_AUTOS = YES_AGGRESSIVE;
				GCC_WARN_UNUSED_FUNCTION = YES;
				GCC_WARN_UNUSED_VARIABLE = YES;
				IPHONEOS_DEPLOYMENT_TARGET = 9.2;
				MTL_ENABLE_DEBUG_INFO = YES;
				ONLY_ACTIVE_ARCH = YES;
				SDKROOT = iphoneos;
				TARGETED_DEVICE_FAMILY = "1,2";
			};
			name = Debug;
		};
		1AE998891C590E1500BA7FB1 /* Release */ = {
			isa = XCBuildConfiguration;
			buildSettings = {
				ALWAYS_SEARCH_USER_PATHS = NO;
				CLANG_CXX_LANGUAGE_STANDARD = "gnu++0x";
				CLANG_CXX_LIBRARY = "libc++";
				CLANG_ENABLE_MODULES = YES;
				CLANG_ENABLE_OBJC_ARC = YES;
				CLANG_WARN_BOOL_CONVERSION = YES;
				CLANG_WARN_CONSTANT_CONVERSION = YES;
				CLANG_WARN_DIRECT_OBJC_ISA_USAGE = YES_ERROR;
				CLANG_WARN_EMPTY_BODY = YES;
				CLANG_WARN_ENUM_CONVERSION = YES;
				CLANG_WARN_INT_CONVERSION = YES;
				CLANG_WARN_OBJC_ROOT_CLASS = YES_ERROR;
				CLANG_WARN_UNREACHABLE_CODE = YES;
				CLANG_WARN__DUPLICATE_METHOD_MATCH = YES;
				"CODE_SIGN_IDENTITY[sdk=iphoneos*]" = "iPhone Developer";
				COPY_PHASE_STRIP = NO;
				DEBUG_INFORMATION_FORMAT = "dwarf-with-dsym";
				ENABLE_NS_ASSERTIONS = NO;
				ENABLE_STRICT_OBJC_MSGSEND = YES;
				GCC_C_LANGUAGE_STANDARD = gnu99;
				GCC_NO_COMMON_BLOCKS = YES;
				GCC_WARN_64_TO_32_BIT_CONVERSION = YES;
				GCC_WARN_ABOUT_RETURN_TYPE = YES_ERROR;
				GCC_WARN_UNDECLARED_SELECTOR = YES;
				GCC_WARN_UNINITIALIZED_AUTOS = YES_AGGRESSIVE;
				GCC_WARN_UNUSED_FUNCTION = YES;
				GCC_WARN_UNUSED_VARIABLE = YES;
				IPHONEOS_DEPLOYMENT_TARGET = 9.2;
				MTL_ENABLE_DEBUG_INFO = NO;
				SDKROOT = iphoneos;
				TARGETED_DEVICE_FAMILY = "1,2";
				VALIDATE_PRODUCT = YES;
			};
			name = Release;
		};
		1AE9988B1C590E1500BA7FB1 /* Debug */ = {
			isa = XCBuildConfiguration;
			buildSettings = {
				ASSETCATALOG_COMPILER_APPICON_NAME = AppIcon;
				INFOPLIST_FILE = Restaurants/Resources/Info.plist;
				LD_RUNPATH_SEARCH_PATHS = "$(inherited) @executable_path/Frameworks";
				PRODUCT_BUNDLE_IDENTIFIER = com.emil.ios.Restaurants;
				PRODUCT_NAME = "$(TARGET_NAME)";
			};
			name = Debug;
		};
		1AE9988C1C590E1500BA7FB1 /* Release */ = {
			isa = XCBuildConfiguration;
			buildSettings = {
				ASSETCATALOG_COMPILER_APPICON_NAME = AppIcon;
				INFOPLIST_FILE = Restaurants/Resources/Info.plist;
				LD_RUNPATH_SEARCH_PATHS = "$(inherited) @executable_path/Frameworks";
				PRODUCT_BUNDLE_IDENTIFIER = com.emil.ios.Restaurants;
				PRODUCT_NAME = "$(TARGET_NAME)";
			};
			name = Release;
		};
		1AE9988E1C590E1500BA7FB1 /* Debug */ = {
			isa = XCBuildConfiguration;
			buildSettings = {
				BUNDLE_LOADER = "$(TEST_HOST)";
				INFOPLIST_FILE = RestaurantsTests/Info.plist;
				LD_RUNPATH_SEARCH_PATHS = "$(inherited) @executable_path/Frameworks @loader_path/Frameworks";
				PRODUCT_BUNDLE_IDENTIFIER = com.emil.ios.RestaurantsTests;
				PRODUCT_NAME = "$(TARGET_NAME)";
				TEST_HOST = "$(BUILT_PRODUCTS_DIR)/Restaurants.app/Restaurants";
			};
			name = Debug;
		};
		1AE9988F1C590E1500BA7FB1 /* Release */ = {
			isa = XCBuildConfiguration;
			buildSettings = {
				BUNDLE_LOADER = "$(TEST_HOST)";
				INFOPLIST_FILE = RestaurantsTests/Info.plist;
				LD_RUNPATH_SEARCH_PATHS = "$(inherited) @executable_path/Frameworks @loader_path/Frameworks";
				PRODUCT_BUNDLE_IDENTIFIER = com.emil.ios.RestaurantsTests;
				PRODUCT_NAME = "$(TARGET_NAME)";
				TEST_HOST = "$(BUILT_PRODUCTS_DIR)/Restaurants.app/Restaurants";
			};
			name = Release;
		};
		1AE998911C590E1500BA7FB1 /* Debug */ = {
			isa = XCBuildConfiguration;
			buildSettings = {
				INFOPLIST_FILE = RestaurantsUITests/Info.plist;
				LD_RUNPATH_SEARCH_PATHS = "$(inherited) @executable_path/Frameworks @loader_path/Frameworks";
				PRODUCT_BUNDLE_IDENTIFIER = com.emil.ios.RestaurantsUITests;
				PRODUCT_NAME = "$(TARGET_NAME)";
				TEST_TARGET_NAME = Restaurants;
				USES_XCTRUNNER = YES;
			};
			name = Debug;
		};
		1AE998921C590E1500BA7FB1 /* Release */ = {
			isa = XCBuildConfiguration;
			buildSettings = {
				INFOPLIST_FILE = RestaurantsUITests/Info.plist;
				LD_RUNPATH_SEARCH_PATHS = "$(inherited) @executable_path/Frameworks @loader_path/Frameworks";
				PRODUCT_BUNDLE_IDENTIFIER = com.emil.ios.RestaurantsUITests;
				PRODUCT_NAME = "$(TARGET_NAME)";
				TEST_TARGET_NAME = Restaurants;
				USES_XCTRUNNER = YES;
			};
			name = Release;
		};
/* End XCBuildConfiguration section */

/* Begin XCConfigurationList section */
		1AE998581C590E1500BA7FB1 /* Build configuration list for PBXProject "Restaurants" */ = {
			isa = XCConfigurationList;
			buildConfigurations = (
				1AE998881C590E1500BA7FB1 /* Debug */,
				1AE998891C590E1500BA7FB1 /* Release */,
			);
			defaultConfigurationIsVisible = 0;
			defaultConfigurationName = Release;
		};
		1AE9988A1C590E1500BA7FB1 /* Build configuration list for PBXNativeTarget "Restaurants" */ = {
			isa = XCConfigurationList;
			buildConfigurations = (
				1AE9988B1C590E1500BA7FB1 /* Debug */,
				1AE9988C1C590E1500BA7FB1 /* Release */,
			);
			defaultConfigurationIsVisible = 0;
			defaultConfigurationName = Release;
		};
		1AE9988D1C590E1500BA7FB1 /* Build configuration list for PBXNativeTarget "RestaurantsTests" */ = {
			isa = XCConfigurationList;
			buildConfigurations = (
				1AE9988E1C590E1500BA7FB1 /* Debug */,
				1AE9988F1C590E1500BA7FB1 /* Release */,
			);
			defaultConfigurationIsVisible = 0;
			defaultConfigurationName = Release;
		};
		1AE998901C590E1500BA7FB1 /* Build configuration list for PBXNativeTarget "RestaurantsUITests" */ = {
			isa = XCConfigurationList;
			buildConfigurations = (
				1AE998911C590E1500BA7FB1 /* Debug */,
				1AE998921C590E1500BA7FB1 /* Release */,
			);
			defaultConfigurationIsVisible = 0;
			defaultConfigurationName = Release;
		};
/* End XCConfigurationList section */
	};
	rootObject = 1AE998551C590E1500BA7FB1 /* Project object */;
}
